
Microsoft Visual Studio Solution File, Format Version 12.00
# Visual Studio 14
VisualStudioVersion = 14.0.24720.0
MinimumVisualStudioVersion = 10.0.40219.1
Project("{FAE04EC0-301F-11D3-BF4B-00C04F79EFBC}") = "SM.Core", "SM.Core\SM.Core.csproj", "{6B3C11DF-E415-45E2-8A60-0D06CDA10519}"
EndProject
Project("{2150E333-8FDC-42A3-9474-1A3956D46DE8}") = "Services", "Services", "{C7AF6BE6-3456-47B1-B32A-0EEC76CBFB8C}"
EndProject
Project("{FAE04EC0-301F-11D3-BF4B-00C04F79EFBC}") = "SM.Monitoring", "Services\SM.Monitoring\SM.Monitoring.csproj", "{D7D54BB0-151C-4A71-A51A-37DA60A65800}"
EndProject
Project("{FAE04EC0-301F-11D3-BF4B-00C04F79EFBC}") = "SM.Monitoring.Service", "Services\SM.Monitoring.Service\SM.Monitoring.Service.csproj", "{4C00C026-7DC2-48F7-827A-655119C8BD38}"
EndProject
Project("{FAE04EC0-301F-11D3-BF4B-00C04F79EFBC}") = "SM.Contracts", "SM.Contracts\SM.Contracts.csproj", "{6812B148-B5D3-4B36-9D69-924922DCCC26}"
EndProject
Project("{2150E333-8FDC-42A3-9474-1A3956D46DE8}") = "Databases", "Databases", "{00C244A7-9764-4963-AD2D-674002BE8748}"
EndProject
Project("{FAE04EC0-301F-11D3-BF4B-00C04F79EFBC}") = "SM.Starter", "Services\Starter\SM.Starter\SM.Starter.csproj", "{0311D4EA-FCC3-42EC-BBDD-5F321F1FA072}"
EndProject
Project("{FAE04EC0-301F-11D3-BF4B-00C04F79EFBC}") = "SM.Starter.Service", "Services\Starter\SM.Starter.Service\SM.Starter.Service.csproj", "{FCFCE91C-59F1-4FBF-840B-7C8E664E4E05}"
EndProject
Project("{FAE04EC0-301F-11D3-BF4B-00C04F79EFBC}") = "MainDB", "Databases\MainDB\MainDB.csproj", "{FA54CB04-CB4E-4DFC-9702-B7D27CF35A6A}"
EndProject
Project("{FAE04EC0-301F-11D3-BF4B-00C04F79EFBC}") = "SM.Configuration", "Services\SM.Configuration\SM.Configuration.csproj", "{21101B7D-9069-4D13-811D-72E45F4897F1}"
EndProject
Project("{FAE04EC0-301F-11D3-BF4B-00C04F79EFBC}") = "SM.Configuration.Service", "Services\SM.Configuration.Service\SM.Configuration.Service.csproj", "{BD0E205D-858B-4E83-9DF2-8646FB096C1D}"
EndProject
Project("{2150E333-8FDC-42A3-9474-1A3956D46DE8}") = "Logs", "Logs", "{2AAB17FA-45B6-474A-A759-A80947DB8905}"
EndProject
Project("{FAE04EC0-301F-11D3-BF4B-00C04F79EFBC}") = "SM.Logs", "Logs\SM.Logs\SM.Logs.csproj", "{659E3D61-08C2-42DC-A2DC-025CECC8C851}"
EndProject
Project("{2150E333-8FDC-42A3-9474-1A3956D46DE8}") = "Starter", "Starter", "{1F9321EA-6B37-48A9-815D-4A2450F615C4}"
EndProject
Project("{2150E333-8FDC-42A3-9474-1A3956D46DE8}") = "Applications", "Applications", "{706D9193-A388-4587-98F7-1E4941B9FC7F}"
EndProject
Project("{FAE04EC0-301F-11D3-BF4B-00C04F79EFBC}") = "ApplicationSDK", "Services\Starter\Applications\ApplicationSDK\ApplicationSDK.csproj", "{361D5C01-03C3-491F-AF03-E0F5B3B76DE1}"
EndProject
Project("{FAE04EC0-301F-11D3-BF4B-00C04F79EFBC}") = "Application.RemoteSensorMonitor", "Services\Starter\Applications\Application.RemoteSensorMonitor\Application.RemoteSensorMonitor.csproj", "{D143DB5B-0FB8-4E6D-A677-540997C651CF}"
EndProject
Project("{FAE04EC0-301F-11D3-BF4B-00C04F79EFBC}") = "SM.API.Service", "Services\SM.API.Service\SM.API.Service.csproj", "{E5EACA9E-31AC-4A85-8F76-794543715402}"
EndProject
Project("{FAE04EC0-301F-11D3-BF4B-00C04F79EFBC}") = "SM.API", "Services\SM.API\SM.API.csproj", "{1C95A0CE-DEA5-4688-A625-D0C7919AF9DE}"
EndProject
Global
	GlobalSection(SolutionConfigurationPlatforms) = preSolution
		Debug|Any CPU = Debug|Any CPU
		Release|Any CPU = Release|Any CPU
	EndGlobalSection
	GlobalSection(ProjectConfigurationPlatforms) = postSolution
		{6B3C11DF-E415-45E2-8A60-0D06CDA10519}.Debug|Any CPU.ActiveCfg = Debug|Any CPU
		{6B3C11DF-E415-45E2-8A60-0D06CDA10519}.Debug|Any CPU.Build.0 = Debug|Any CPU
		{6B3C11DF-E415-45E2-8A60-0D06CDA10519}.Release|Any CPU.ActiveCfg = Release|Any CPU
		{6B3C11DF-E415-45E2-8A60-0D06CDA10519}.Release|Any CPU.Build.0 = Release|Any CPU
		{D7D54BB0-151C-4A71-A51A-37DA60A65800}.Debug|Any CPU.ActiveCfg = Debug|Any CPU
		{D7D54BB0-151C-4A71-A51A-37DA60A65800}.Debug|Any CPU.Build.0 = Debug|Any CPU
		{D7D54BB0-151C-4A71-A51A-37DA60A65800}.Release|Any CPU.ActiveCfg = Release|Any CPU
		{D7D54BB0-151C-4A71-A51A-37DA60A65800}.Release|Any CPU.Build.0 = Release|Any CPU
		{4C00C026-7DC2-48F7-827A-655119C8BD38}.Debug|Any CPU.ActiveCfg = Debug|Any CPU
		{4C00C026-7DC2-48F7-827A-655119C8BD38}.Debug|Any CPU.Build.0 = Debug|Any CPU
		{4C00C026-7DC2-48F7-827A-655119C8BD38}.Release|Any CPU.ActiveCfg = Release|Any CPU
		{4C00C026-7DC2-48F7-827A-655119C8BD38}.Release|Any CPU.Build.0 = Release|Any CPU
		{6812B148-B5D3-4B36-9D69-924922DCCC26}.Debug|Any CPU.ActiveCfg = Debug|Any CPU
		{6812B148-B5D3-4B36-9D69-924922DCCC26}.Debug|Any CPU.Build.0 = Debug|Any CPU
		{6812B148-B5D3-4B36-9D69-924922DCCC26}.Release|Any CPU.ActiveCfg = Release|Any CPU
		{6812B148-B5D3-4B36-9D69-924922DCCC26}.Release|Any CPU.Build.0 = Release|Any CPU
		{0311D4EA-FCC3-42EC-BBDD-5F321F1FA072}.Debug|Any CPU.ActiveCfg = Debug|Any CPU
		{0311D4EA-FCC3-42EC-BBDD-5F321F1FA072}.Debug|Any CPU.Build.0 = Debug|Any CPU
		{0311D4EA-FCC3-42EC-BBDD-5F321F1FA072}.Release|Any CPU.ActiveCfg = Release|Any CPU
		{0311D4EA-FCC3-42EC-BBDD-5F321F1FA072}.Release|Any CPU.Build.0 = Release|Any CPU
		{FCFCE91C-59F1-4FBF-840B-7C8E664E4E05}.Debug|Any CPU.ActiveCfg = Debug|Any CPU
		{FCFCE91C-59F1-4FBF-840B-7C8E664E4E05}.Debug|Any CPU.Build.0 = Debug|Any CPU
		{FCFCE91C-59F1-4FBF-840B-7C8E664E4E05}.Release|Any CPU.ActiveCfg = Release|Any CPU
		{FCFCE91C-59F1-4FBF-840B-7C8E664E4E05}.Release|Any CPU.Build.0 = Release|Any CPU
		{FA54CB04-CB4E-4DFC-9702-B7D27CF35A6A}.Debug|Any CPU.ActiveCfg = Debug|Any CPU
		{FA54CB04-CB4E-4DFC-9702-B7D27CF35A6A}.Debug|Any CPU.Build.0 = Debug|Any CPU
		{FA54CB04-CB4E-4DFC-9702-B7D27CF35A6A}.Release|Any CPU.ActiveCfg = Release|Any CPU
		{FA54CB04-CB4E-4DFC-9702-B7D27CF35A6A}.Release|Any CPU.Build.0 = Release|Any CPU
		{21101B7D-9069-4D13-811D-72E45F4897F1}.Debug|Any CPU.ActiveCfg = Debug|Any CPU
		{21101B7D-9069-4D13-811D-72E45F4897F1}.Debug|Any CPU.Build.0 = Debug|Any CPU
		{21101B7D-9069-4D13-811D-72E45F4897F1}.Release|Any CPU.ActiveCfg = Release|Any CPU
		{21101B7D-9069-4D13-811D-72E45F4897F1}.Release|Any CPU.Build.0 = Release|Any CPU
		{BD0E205D-858B-4E83-9DF2-8646FB096C1D}.Debug|Any CPU.ActiveCfg = Debug|Any CPU
		{BD0E205D-858B-4E83-9DF2-8646FB096C1D}.Debug|Any CPU.Build.0 = Debug|Any CPU
		{BD0E205D-858B-4E83-9DF2-8646FB096C1D}.Release|Any CPU.ActiveCfg = Release|Any CPU
		{BD0E205D-858B-4E83-9DF2-8646FB096C1D}.Release|Any CPU.Build.0 = Release|Any CPU
		{659E3D61-08C2-42DC-A2DC-025CECC8C851}.Debug|Any CPU.ActiveCfg = Debug|Any CPU
		{659E3D61-08C2-42DC-A2DC-025CECC8C851}.Debug|Any CPU.Build.0 = Debug|Any CPU
		{659E3D61-08C2-42DC-A2DC-025CECC8C851}.Release|Any CPU.ActiveCfg = Release|Any CPU
		{659E3D61-08C2-42DC-A2DC-025CECC8C851}.Release|Any CPU.Build.0 = Release|Any CPU
		{361D5C01-03C3-491F-AF03-E0F5B3B76DE1}.Debug|Any CPU.ActiveCfg = Debug|Any CPU
		{361D5C01-03C3-491F-AF03-E0F5B3B76DE1}.Debug|Any CPU.Build.0 = Debug|Any CPU
		{361D5C01-03C3-491F-AF03-E0F5B3B76DE1}.Release|Any CPU.ActiveCfg = Release|Any CPU
		{361D5C01-03C3-491F-AF03-E0F5B3B76DE1}.Release|Any CPU.Build.0 = Release|Any CPU
		{D143DB5B-0FB8-4E6D-A677-540997C651CF}.Debug|Any CPU.ActiveCfg = Debug|Any CPU
		{D143DB5B-0FB8-4E6D-A677-540997C651CF}.Debug|Any CPU.Build.0 = Debug|Any CPU
		{D143DB5B-0FB8-4E6D-A677-540997C651CF}.Release|Any CPU.ActiveCfg = Release|Any CPU
		{D143DB5B-0FB8-4E6D-A677-540997C651CF}.Release|Any CPU.Build.0 = Release|Any CPU
		{E5EACA9E-31AC-4A85-8F76-794543715402}.Debug|Any CPU.ActiveCfg = Debug|Any CPU
		{E5EACA9E-31AC-4A85-8F76-794543715402}.Debug|Any CPU.Build.0 = Debug|Any CPU
		{E5EACA9E-31AC-4A85-8F76-794543715402}.Release|Any CPU.ActiveCfg = Release|Any CPU
		{E5EACA9E-31AC-4A85-8F76-794543715402}.Release|Any CPU.Build.0 = Release|Any CPU
		{1C95A0CE-DEA5-4688-A625-D0C7919AF9DE}.Debug|Any CPU.ActiveCfg = Debug|Any CPU
		{1C95A0CE-DEA5-4688-A625-D0C7919AF9DE}.Debug|Any CPU.Build.0 = Debug|Any CPU
		{1C95A0CE-DEA5-4688-A625-D0C7919AF9DE}.Release|Any CPU.ActiveCfg = Release|Any CPU
		{1C95A0CE-DEA5-4688-A625-D0C7919AF9DE}.Release|Any CPU.Build.0 = Release|Any CPU
	EndGlobalSection
	GlobalSection(SolutionProperties) = preSolution
		HideSolutionNode = FALSE
	EndGlobalSection
	GlobalSection(NestedProjects) = preSolution
		{D7D54BB0-151C-4A71-A51A-37DA60A65800} = {C7AF6BE6-3456-47B1-B32A-0EEC76CBFB8C}
		{4C00C026-7DC2-48F7-827A-655119C8BD38} = {C7AF6BE6-3456-47B1-B32A-0EEC76CBFB8C}
		{0311D4EA-FCC3-42EC-BBDD-5F321F1FA072} = {1F9321EA-6B37-48A9-815D-4A2450F615C4}
		{FCFCE91C-59F1-4FBF-840B-7C8E664E4E05} = {1F9321EA-6B37-48A9-815D-4A2450F615C4}
		{FA54CB04-CB4E-4DFC-9702-B7D27CF35A6A} = {00C244A7-9764-4963-AD2D-674002BE8748}
		{21101B7D-9069-4D13-811D-72E45F4897F1} = {C7AF6BE6-3456-47B1-B32A-0EEC76CBFB8C}
		{BD0E205D-858B-4E83-9DF2-8646FB096C1D} = {C7AF6BE6-3456-47B1-B32A-0EEC76CBFB8C}
		{659E3D61-08C2-42DC-A2DC-025CECC8C851} = {2AAB17FA-45B6-474A-A759-A80947DB8905}
		{1F9321EA-6B37-48A9-815D-4A2450F615C4} = {C7AF6BE6-3456-47B1-B32A-0EEC76CBFB8C}
		{706D9193-A388-4587-98F7-1E4941B9FC7F} = {1F9321EA-6B37-48A9-815D-4A2450F615C4}
		{361D5C01-03C3-491F-AF03-E0F5B3B76DE1} = {706D9193-A388-4587-98F7-1E4941B9FC7F}
		{D143DB5B-0FB8-4E6D-A677-540997C651CF} = {706D9193-A388-4587-98F7-1E4941B9FC7F}
		{E5EACA9E-31AC-4A85-8F76-794543715402} = {C7AF6BE6-3456-47B1-B32A-0EEC76CBFB8C}
		{1C95A0CE-DEA5-4688-A625-D0C7919AF9DE} = {C7AF6BE6-3456-47B1-B32A-0EEC76CBFB8C}
	EndGlobalSection
EndGlobal
